
Microsoft Visual Studio Solution File, Format Version 12.00
# Visual Studio Version 16
VisualStudioVersion = 16.0.31205.134
MinimumVisualStudioVersion = 10.0.40219.1
Project("{9A19103F-16F7-4668-BE54-9A1E7A4F7556}") = "Umg.Entidades", "Umg.Entidades\Umg.Entidades.csproj", "{0651EDD0-90C6-4449-9310-749C54B5650F}"
EndProject
Project("{9A19103F-16F7-4668-BE54-9A1E7A4F7556}") = "Umg.Datos", "Umg.Datos\Umg.Datos.csproj", "{7FDB47E4-2909-44FF-8D0D-C3195102161C}"
EndProject
Project("{9A19103F-16F7-4668-BE54-9A1E7A4F7556}") = "Umg.Web", "Umg.Web\Umg.Web.csproj", "{BACC20D4-D140-4863-AD89-C6B9C0ACAD00}"
EndProject
Global
	GlobalSection(SolutionConfigurationPlatforms) = preSolution
		Debug|Any CPU = Debug|Any CPU
		Release|Any CPU = Release|Any CPU
	EndGlobalSection
	GlobalSection(ProjectConfigurationPlatforms) = postSolution
		{0651EDD0-90C6-4449-9310-749C54B5650F}.Debug|Any CPU.ActiveCfg = Debug|Any CPU
		{0651EDD0-90C6-4449-9310-749C54B5650F}.Debug|Any CPU.Build.0 = Debug|Any CPU
		{0651EDD0-90C6-4449-9310-749C54B5650F}.Release|Any CPU.ActiveCfg = Release|Any CPU
		{0651EDD0-90C6-4449-9310-749C54B5650F}.Release|Any CPU.Build.0 = Release|Any CPU
		{7FDB47E4-2909-44FF-8D0D-C3195102161C}.Debug|Any CPU.ActiveCfg = Debug|Any CPU
		{7FDB47E4-2909-44FF-8D0D-C3195102161C}.Debug|Any CPU.Build.0 = Debug|Any CPU
		{7FDB47E4-2909-44FF-8D0D-C3195102161C}.Release|Any CPU.ActiveCfg = Release|Any CPU
		{7FDB47E4-2909-44FF-8D0D-C3195102161C}.Release|Any CPU.Build.0 = Release|Any CPU
		{BACC20D4-D140-4863-AD89-C6B9C0ACAD00}.Debug|Any CPU.ActiveCfg = Debug|Any CPU
		{BACC20D4-D140-4863-AD89-C6B9C0ACAD00}.Debug|Any CPU.Build.0 = Debug|Any CPU
		{BACC20D4-D140-4863-AD89-C6B9C0ACAD00}.Release|Any CPU.ActiveCfg = Release|Any CPU
		{BACC20D4-D140-4863-AD89-C6B9C0ACAD00}.Release|Any CPU.Build.0 = Release|Any CPU
	EndGlobalSection
	GlobalSection(SolutionProperties) = preSolution
		HideSolutionNode = FALSE
	EndGlobalSection
	GlobalSection(ExtensibilityGlobals) = postSolution
		SolutionGuid = {B3A610CC-8E3C-4E3A-96E3-1FB55A85C632}
	EndGlobalSection
EndGlobal
